version = 1
revision = 3
requires-python = ">=3.10, <3.13"

[[package]]
name = "click"
version = "8.4.2"
source = { registry = "https://pypi.org/simple" }
dependencies = [
    { name = "colorama", marker = "sys_platform == 'win32'" },
]
sdist = { url = "https://files.pythonhosted.org/packages/76/d4/81420972a676e8ffea40450d8c8c92943e7218a78fe9b64359836cc9876b/click-8.4.2.tar.gz", hash = "sha256:9a6cea6e60b17ebe0a44c5cc636d94f09bd66142c1cd7d8b4cd731c4917a15f6", size = 338000, upload-time = "2026-06-24T17:45:15.148Z" }
wheels = [
    { url = "https://files.pythonhosted.org/packages/fb/e2/79c688af8b210d232694e31e59da9f6ec747bae31c3f5946e4e9b98860d5/click-8.4.2-py3-none-any.whl", hash = "sha256:e6f9f66136c816745b9d65817da91d61d957fb16e02e4dcd0552553c5a197b76", size = 119243, upload-time = "2026-06-24T17:45:13.73Z" },
]

[[package]]
name = "colorama"
version = "0.4.6"
source = { registry = "https://pypi.org/simple" }
sdist = { url = "https://files.pythonhosted.org/packages/d8/53/6f443c9a4a8358a93a6792e2acffb9d9d5cb0a5cfd8802644b7b1c9a02e4/colorama-0.4.6.tar.gz", hash = "sha256:08695f5cb7ed6e0531a20572697297273c47b8cae5a63ffc6d6ed5c201be6e44", size = 27697, upload-time = "2022-10-25T02:36:22.414Z" }
wheels = [
    { url = "https://files.pythonhosted.org/packages/d1/d6/3965ed04c63042e047cb6a3e6ed1a63a35087b6a609aa3a15ed8ac56c221/colorama-0.4.6-py2.py3-none-any.whl", hash = "sha256:4f1d9991f5acc0ca119f9d443620b77f9d6b33703e51011c16baf57afb285fc6", size = 25335, upload-time = "2022-10-25T02:36:20.889Z" },
]

[[package]]
name = "docstring-parser-fork"
version = "0.0.16"
source = { registry = "https://pypi.org/simple" }
sdist = { url = "https://files.pythonhosted.org/packages/04/ce/48b17c6c24d0af112f73721a90fac245450e548b82b53169260720f60d07/docstring_parser_fork-0.0.16.tar.gz", hash = "sha256:9ecf861ceab8b87d1297a71001c15a1956ad02e87434ee6473643a5988094f7c", size = 36360, upload-time = "2026-07-03T07:27:46.668Z" }
wheels = [
    { url = "https://files.pythonhosted.org/packages/c1/69/427c34e61827818942b48ececd7c892b8f58ba4ce4cfc89ba9fd8dbe8a8d/docstring_parser_fork-0.0.16-py3-none-any.whl", hash = "sha256:c024c97af582d6acf85a14f0b332b3a2ab08626648d251c25e47191f33064386", size = 25253, upload-time = "2026-07-03T07:27:45.591Z" },
]

[[package]]
name = "material-x"
source = { virtual = "." }
dependencies = [
    { name = "materialx" },
]

[package.dev-dependencies]
dev = [
    { name = "pydoclint" },
    { name = "ruff" },
]

[package.metadata]
requires-dist = [{ name = "materialx", specifier = ">=1.39.5" }]

[package.metadata.requires-dev]
dev = [
    { name = "pydoclint", specifier = ">=0.8.3" },
    { name = "ruff", specifier = ">=0.15.12" },
]

[[package]]
name = "materialx"
version = "1.39.5"
source = { registry = "https://pypi.org/simple" }
sdist = { url = "https://files.pythonhosted.org/packages/55/83/06e1343c91e2bb201a639dbe89092d1581f6aa1be863c71a28dbc0502bb6/materialx-1.39.5.tar.gz", hash = "sha256:e6d4da032bce6fd782ec91fe898866b80cf988103c7d70e7d530404f45f5644c", size = 9459034, upload-time = "2026-05-22T19:46:40.661Z" }
wheels = [
    { url = "https://files.pythonhosted.org/packages/5b/89/2d7c2138fd0a88419e91047b804fcb103a71787671e7961be6be9e754bcc/materialx-1.39.5-cp310-cp310-macosx_11_0_arm64.whl", hash = "sha256:2434b2ad758cd78d21ef90be8fdf303e65ee7eb1ddc9c5b473e1013588da3907", size = 5601677, upload-time = "2026-05-22T19:46:03.034Z" },
    { url = "https://files.pythonhosted.org/packages/e2/0b/e99740e986ba1da6bad357438531aed9eedec4fae1d858f619f73aae8711/materialx-1.39.5-cp310-cp310-manylinux_2_27_x86_64.manylinux_2_28_x86_64.whl", hash = "sha256:925c4400d14eee499c83bd3f5a2d7224d3f253c47ec68ec6778ab35f1aa6882c", size = 10630048, upload-time = "2026-05-22T19:46:05.635Z" },
    { url = "https://files.pythonhosted.org/packages/0c/9b/d9a894610b09afa04e7b5b89b6e14816191c580ae9ad1c03cc36d23e0299/materialx-1.39.5-cp310-cp310-win_amd64.whl", hash = "sha256:a3c09e144b85e6fa2e75b87f6828bfcea52145edc1df6cbb6b5e639a8f3da9e5", size = 5715718, upload-time = "2026-05-22T19:46:07.752Z" },
    { url = "https://files.pythonhosted.org/packages/cc/98/3570745c1c6ce25ea98dbcf40565566e5019ef132fc06eb68f35b7627658/materialx-1.39.5-cp311-cp311-macosx_11_0_arm64.whl", hash = "sha256:7b530c0f660590c8f63ae2b7d598130ac046e52643dc0baa761f288fd3748840", size = 5616253, upload-time = "2026-05-22T19:46:09.298Z" },
    { url = "https://files.pythonhosted.org/packages/85/65/a729db9ee1b1cb55095d93dfc0ec1df9cfa416b8a36b42d9fa19443181e0/materialx-1.39.5-cp311-cp311-manylinux_2_27_x86_64.manylinux_2_28_x86_64.whl", hash = "sha256:027f352adb7788d559b65bcb51b1ac9b0e4f8b23e7341b8e093ac72f8aa1e55f", size = 10646120, upload-time = "2026-05-22T19:46:11.37Z" },
    { url = "https://files.pythonhosted.org/packages/56/3e/35f6e8b8b751bca2fa9c4b59953bc01e0cc871ae64494470cd83247b07b5/materialx-1.39.5-cp311-cp311-win_amd64.whl", hash = "sha256:5b8437f8666bee19f43bf91abd3bd38dee65ba0654737e84b25b8d3cc7b2176c", size = 5725385, upload-time = "2026-05-22T19:46:13.426Z" },
    { url = "https://files.pythonhosted.org/packages/c5/36/af5f330338e7112ad280a5979ccce92e50948e5e83c91195a398d31ef7c4/materialx-1.39.5-cp312-cp312-macosx_11_0_arm64.whl", hash = "sha256:58b0f3d9ce2171e71733e0a0e5b1170869a4d0eb273a9ed07fa91479d13552e2", size = 5622926, upload-time = "2026-05-22T19:46:15.143Z" },
    { url = "https://files.pythonhosted.org/packages/de/8d/30bca836e6de2ab468e28254d1d42e4b9a32f517eb0ef00538569578bac7/materialx-1.39.5-cp312-cp312-manylinux_2_27_x86_64.manylinux_2_28_x86_64.whl", hash = "sha256:897c5a5df9068cc50b966e4bcda63fb71d03b79c453dcf5b62b3d16a5b3369ce", size = 10654892, upload-time = "2026-05-22T19:46:17.3Z" },
    { url = "https://files.pythonhosted.org/packages/3e/39/4c2c6db98f81f34b79d12d2223fdd48bf7aa27cb8508b89cd9dcbdfa822b/materialx-1.39.5-cp312-cp312-win_amd64.whl", hash = "sha256:ba1538f77ee03515b3477341efc7f92d86641d924feb947e40303dbf793156c6", size = 5746673, upload-time = "2026-05-22T19:46:19.573Z" },
]

[[package]]
name = "pydoclint"
version = "0.9.1"
source = { registry = "https://pypi.org/simple" }
dependencies = [
    { name = "click" },
    { name = "docstring-parser-fork" },
    { name = "tomli", marker = "python_full_version < '3.11'" },
]
sdist = { url = "https://files.pythonhosted.org/packages/4c/46/e5043a43a127627c4eb901f511787096fe2b50d27bdf5e36dcc21e502dec/pydoclint-0.9.1.tar.gz", hash = "sha256:eb699ecf95124b8d0b881d55cd53cccaa567172005d1223ec91a0259b51a5650", size = 206434, upload-time = "2026-07-03T08:17:08.879Z" }
wheels = [
    { url = "https://files.pythonhosted.org/packages/bc/35/e2fa913ba2d692ccefbf2e21337fe3fd44200efd9a6ee1ba65766eff7d14/pydoclint-0.9.1-py3-none-any.whl", hash = "sha256:685b4a1c3c852045e4523b61d9c3f789672dfab3a454fe51a9e346c9e21dfcdb", size = 84702, upload-time = "2026-07-03T08:17:07.827Z" },
]

[[package]]
name = "ruff"
version = "0.16.2"
source = { registry = "https://pypi.org/simple" }
sdist = { url = "https://files.pythonhosted.org/packages/73/e1/4508a569211b35599016e84ba65c1a992b7a4004b4b6c4bea02a851cba1b/ruff-0.16.2.tar.gz", hash = "sha256:c3d7828d12e8927a6fc65fe38e2c2541b9e762d360a1786d752cb1b8883b3c9c", size = 4885811, upload-time = "2026-08-07T13:31:01.432Z" }
wheels = [
    { url = "https://files.pythonhosted.org/packages/14/57/db19951540f98859c956b50bdb4d31089b4d91e9f15e2968e7d5193806d5/ruff-0.16.2-py3-none-linux_armv6l.whl", hash = "sha256:3c8de4cf2181f01d57946d87d777aa52916976fc09942aed89938fab5e013318", size = 10847925, upload-time = "2026-08-07T13:30:14.468Z" },
    { url = "https://files.pythonhosted.org/packages/13/5a/995fe85a8470d3e391ac0f7fa8054bb454eaf33ee138196d6172ed1079c0/ruff-0.16.2-py3-none-macosx_10_12_x86_64.whl", hash = "sha256:9a48cc05c6fbc811ca81b5d7ba95375affea6582d1b8024e455e41afbbf55344", size = 11072662, upload-time = "2026-08-07T13:30:18.143Z" },
    { url = "https://files.pythonhosted.org/packages/32/53/370d767c61c71a971a4ace36703a7ecd8c393956349a7325d7fab2b56827/ruff-0.16.2-py3-none-macosx_11_0_arm64.whl", hash = "sha256:a2c0d14fcbb26c91f0f867a6dc9bd71bbc30b1b6151829c884f23faeab2e5700", size = 10566771, upload-time = "2026-08-07T13:30:20.899Z" },
    { url = "https://files.pythonhosted.org/packages/85/d6/9d96948caf5a632be62d62202d5ec914d6856f204fd79eb036e5915e79ea/ruff-0.16.2-py3-none-manylinux_2_17_aarch64.manylinux2014_aarch64.whl", hash = "sha256:335c621622c4650330be50842561c6586ac6971bb8ab5407fe34dcc9efb16bbe", size = 10975825, upload-time = "2026-08-07T13:30:23.517Z" },
    { url = "https://files.pythonhosted.org/packages/3b/92/ea87129b3414acb0b5770563779c51804d37ac67675c7ba35447ddb14773/ruff-0.16.2-py3-none-manylinux_2_17_armv7l.manylinux2014_armv7l.whl", hash = "sha256:20e66910f2c37cc753f9ef6580c914a621b80c4fa3549d3e3521e29d0f5bfc3f", size = 10649437, upload-time = "2026-08-07T13:30:26.097Z" },
    { url = "https://files.pythonhosted.org/packages/ac/43/f8f291dcd4af5bb7872b74fdfa41a7cd7c856ca1d4069670971cf1b9f5cb/ruff-0.16.2-py3-none-manylinux_2_17_i686.manylinux2014_i686.whl", hash = "sha256:c7e36fbfba65510548156902bcf1350a979a958ce0347ce0f90d73894036b39f", size = 11446761, upload-time = "2026-08-07T13:30:28.752Z" },
    { url = "https://files.pythonhosted.org/packages/71/4a/ef991fb2fcf516ab71f0808adcdd8da5e18c8cde447f4ceaf5f47a5132a5/ruff-0.16.2-py3-none-manylinux_2_17_ppc64le.manylinux2014_ppc64le.whl", hash = "sha256:f0eab35f80df8f134aae5d1630e751901321d317cc8e50dc39e36fa3ed34cd12", size = 12336364, upload-time = "2026-08-07T13:30:31.468Z" },
    { url = "https://files.pythonhosted.org/packages/f3/24/f615e74f307e6ca0e56a482872477b856c70d530aa356abfb6dfe5ca8a80/ruff-0.16.2-py3-none-manylinux_2_17_s390x.manylinux2014_s390x.whl", hash = "sha256:40ea8c0594feb894e89c8c61ab9c103d38b0ea72dfde6c594107147ca31b1140", size = 11630720, upload-time = "2026-08-07T13:30:34.426Z" },
    { url = "https://files.pythonhosted.org/packages/c5/d3/8ef50149e8412a77f7ab409efdef0e2b23803707a3863da4fc64cb23d459/ruff-0.16.2-py3-none-manylinux_2_17_x86_64.manylinux2014_x86_64.whl", hash = "sha256:ab3d62dde0b19facdd632008cc4827fc28ada7736c6bd35ab6f1050f0bfed53f", size = 11466130, upload-time = "2026-08-07T13:30:36.958Z" },
    { url = "https://files.pythonhosted.org/packages/dd/a7/a19334985c4dea8c381981fa252cd854c7ee52dc4b1686dc16f4a911c702/ruff-0.16.2-py3-none-manylinux_2_31_riscv64.whl", hash = "sha256:e43e1f5b8388da9eca1b9e88328d47a5cec794633ccf6f7484ac2dd15eee92c0", size = 11523634, upload-time = "2026-08-07T13:30:39.822Z" },
    { url = "https://files.pythonhosted.org/packages/6e/6c/96d192b0e742412ceda08c0a50f9669b253dde9fd6a60ea1a10c9fa79a63/ruff-0.16.2-py3-none-musllinux_1_2_aarch64.whl", hash = "sha256:c24788a980581e1d7ea3a0cbe4344c4fbeb0a6a9b1f4713aa46bb104f8294690", size = 10949807, upload-time = "2026-08-07T13:30:42.745Z" },
    { url = "https://files.pythonhosted.org/packages/fa/51/e26599ceca11e79ee255c7df515995561edf87e9ca1893284e44d98f5a86/ruff-0.16.2-py3-none-musllinux_1_2_armv7l.whl", hash = "sha256:81806b08329130005dd4a8a8394a0c9da8c6f4cafb16ba438d2a2ee6a18bedf1", size = 10646891, upload-time = "2026-08-07T13:30:45.522Z" },
    { url = "https://files.pythonhosted.org/packages/68/01/800c4b1f97bc8d7c6029e06b1f20473a3cf1e13c4933d8f3342add83fc55/ruff-0.16.2-py3-none-musllinux_1_2_i686.whl", hash = "sha256:4ce4e02bad779bef557f541a1b31f20d6abeae1cc05ed1b1ac019d4ffd1044c8", size = 11162063, upload-time = "2026-08-07T13:30:48.131Z" },
    { url = "https://files.pythonhosted.org/packages/e4/d0/1477ea50fc5a0d4b0b71d1d63d50770bdd794d90b43e37a7618e63ec9894/ruff-0.16.2-py3-none-musllinux_1_2_x86_64.whl", hash = "sha256:e0422abdf70070255fc4073ce9dfc814cc03db577013761ddd09bc1e4a9a4fbd", size = 11556038, upload-time = "2026-08-07T13:30:50.686Z" },
    { url = "https://files.pythonhosted.org/packages/b8/76/a7776f32048d991e16d4fa8ff91790b877342d3596cc3ed04acdbf1aaedc/ruff-0.16.2-py3-none-win32.whl", hash = "sha256:bf3a63d78fb39f4bf5ac8ae52051c5520505301abe19ba4e204c453b3f09bb0b", size = 10872850, upload-time = "2026-08-07T13:30:53.471Z" },
    { url = "https://files.pythonhosted.org/packages/00/0d/929c800d920e61397d82a01b60bffc68da3052c17d31de59efaad2e4ed75/ruff-0.16.2-py3-none-win_amd64.whl", hash = "sha256:bcabe2f6d0fc7819f1431793005af4e4de7371927d037345bf941252b195b9fa", size = 12023338, upload-time = "2026-08-07T13:30:56.193Z" },
    { url = "https://files.pythonhosted.org/packages/5b/6c/93e26c22c5f78ff87363e07da49c84955affbeb1098bd1936bf3b3f293bf/ruff-0.16.2-py3-none-win_arm64.whl", hash = "sha256:d614e95cedf38a2053fd351c55b103ba30d017d61688fdbfd40ee0412852a99f", size = 11374065, upload-time = "2026-08-07T13:30:58.775Z" },
]

[[package]]
name = "tomli"
version = "2.4.1"
source = { registry = "https://pypi.org/simple" }
sdist = { url = "https://files.pythonhosted.org/packages/22/de/48c59722572767841493b26183a0d1cc411d54fd759c5607c4590b6563a6/tomli-2.4.1.tar.gz", hash = "sha256:7c7e1a961a0b2f2472c1ac5b69affa0ae1132c39adcb67aba98568702b9cc23f", size = 17543, upload-time = "2026-03-25T20:22:03.828Z" }
wheels = [
    { url = "https://files.pythonhosted.org/packages/f4/11/db3d5885d8528263d8adc260bb2d28ebf1270b96e98f0e0268d32b8d9900/tomli-2.4.1-cp311-cp311-macosx_10_9_x86_64.whl", hash = "sha256:f8f0fc26ec2cc2b965b7a3b87cd19c5c6b8c5e5f436b984e85f486d652285c30", size = 154704, upload-time = "2026-03-25T20:21:10.473Z" },
    { url = "https://files.pythonhosted.org/packages/6d/f7/675db52c7e46064a9aa928885a9b20f4124ecb9bc2e1ce74c9106648d202/tomli-2.4.1-cp311-cp311-macosx_11_0_arm64.whl", hash = "sha256:4ab97e64ccda8756376892c53a72bd1f964e519c77236368527f758fbc36a53a", size = 149454, upload-time = "2026-03-25T20:21:12.036Z" },
    { url = "https://files.pythonhosted.org/packages/61/71/81c50943cf953efa35bce7646caab3cf457a7d8c030b27cfb40d7235f9ee/tomli-2.4.1-cp311-cp311-manylinux2014_aarch64.manylinux_2_17_aarch64.manylinux_2_28_aarch64.whl", hash = "sha256:96481a5786729fd470164b47cdb3e0e58062a496f455ee41b4403be77cb5a076", size = 237561, upload-time = "2026-03-25T20:21:13.098Z" },
    { url = "https://files.pythonhosted.org/packages/48/c1/f41d9cb618acccca7df82aaf682f9b49013c9397212cb9f53219e3abac37/tomli-2.4.1-cp311-cp311-manylinux2014_x86_64.manylinux_2_17_x86_64.manylinux_2_28_x86_64.whl", hash = "sha256:5a881ab208c0baf688221f8cecc5401bd291d67e38a1ac884d6736cbcd8247e9", size = 243824, upload-time = "2026-03-25T20:21:14.569Z" },
    { url = "https://files.pythonhosted.org/packages/22/e4/5a816ecdd1f8ca51fb756ef684b90f2780afc52fc67f987e3c61d800a46d/tomli-2.4.1-cp311-cp311-musllinux_1_2_aarch64.whl", hash = "sha256:47149d5bd38761ac8be13a84864bf0b7b70bc051806bc3669ab1cbc56216b23c", size = 242227, upload-time = "2026-03-25T20:21:15.712Z" },
    { url = "https://files.pythonhosted.org/packages/6b/49/2b2a0ef529aa6eec245d25f0c703e020a73955ad7edf73e7f54ddc608aa5/tomli-2.4.1-cp311-cp311-musllinux_1_2_x86_64.whl", hash = "sha256:ec9bfaf3ad2df51ace80688143a6a4ebc09a248f6ff781a9945e51937008fcbc", size = 247859, upload-time = "2026-03-25T20:21:17.001Z" },
    { url = "https://files.pythonhosted.org/packages/83/bd/6c1a630eaca337e1e78c5903104f831bda934c426f9231429396ce3c3467/tomli-2.4.1-cp311-cp311-win32.whl", hash = "sha256:ff2983983d34813c1aeb0fa89091e76c3a22889ee83ab27c5eeb45100560c049", size = 97204, upload-time = "2026-03-25T20:21:18.079Z" },
    { url = "https://files.pythonhosted.org/packages/42/59/71461df1a885647e10b6bb7802d0b8e66480c61f3f43079e0dcd315b3954/tomli-2.4.1-cp311-cp311-win_amd64.whl", hash = "sha256:5ee18d9ebdb417e384b58fe414e8d6af9f4e7a0ae761519fb50f721de398dd4e", size = 108084, upload-time = "2026-03-25T20:21:18.978Z" },
    { url = "https://files.pythonhosted.org/packages/b8/83/dceca96142499c069475b790e7913b1044c1a4337e700751f48ed723f883/tomli-2.4.1-cp311-cp311-win_arm64.whl", hash = "sha256:c2541745709bad0264b7d4705ad453b76ccd191e64aa6f0fc66b69a293a45ece", size = 95285, upload-time = "2026-03-25T20:21:20.309Z" },
    { url = "https://files.pythonhosted.org/packages/c1/ba/42f134a3fe2b370f555f44b1d72feebb94debcab01676bf918d0cb70e9aa/tomli-2.4.1-cp312-cp312-macosx_10_13_x86_64.whl", hash = "sha256:c742f741d58a28940ce01d58f0ab2ea3ced8b12402f162f4d534dfe18ba1cd6a", size = 155924, upload-time = "2026-03-25T20:21:21.626Z" },
    { url = "https://files.pythonhosted.org/packages/dc/c7/62d7a17c26487ade21c5422b646110f2162f1fcc95980ef7f63e73c68f14/tomli-2.4.1-cp312-cp312-macosx_11_0_arm64.whl", hash = "sha256:7f86fd587c4ed9dd76f318225e7d9b29cfc5a9d43de44e5754db8d1128487085", size = 150018, upload-time = "2026-03-25T20:21:23.002Z" },
    { url = "https://files.pythonhosted.org/packages/5c/05/79d13d7c15f13bdef410bdd49a6485b1c37d28968314eabee452c22a7fda/tomli-2.4.1-cp312-cp312-manylinux2014_aarch64.manylinux_2_17_aarch64.manylinux_2_28_aarch64.whl", hash = "sha256:ff18e6a727ee0ab0388507b89d1bc6a22b138d1e2fa56d1ad494586d61d2eae9", size = 244948, upload-time = "2026-03-25T20:21:24.04Z" },
    { url = "https://files.pythonhosted.org/packages/10/90/d62ce007a1c80d0b2c93e02cab211224756240884751b94ca72df8a875ca/tomli-2.4.1-cp312-cp312-manylinux2014_x86_64.manylinux_2_17_x86_64.manylinux_2_28_x86_64.whl", hash = "sha256:136443dbd7e1dee43c68ac2694fde36b2849865fa258d39bf822c10e8068eac5", size = 253341, upload-time = "2026-03-25T20:21:25.177Z" },
    { url = "https://files.pythonhosted.org/packages/1a/7e/caf6496d60152ad4ed09282c1885cca4eea150bfd007da84aea07bcc0a3e/tomli-2.4.1-cp312-cp312-musllinux_1_2_aarch64.whl", hash = "sha256:5e262d41726bc187e69af7825504c933b6794dc3fbd5945e41a79bb14c31f585", size = 248159, upload-time = "2026-03-25T20:21:26.364Z" },
    { url = "https://files.pythonhosted.org/packages/99/e7/c6f69c3120de34bbd882c6fba7975f3d7a746e9218e56ab46a1bc4b42552/tomli-2.4.1-cp312-cp312-musllinux_1_2_x86_64.whl", hash = "sha256:5cb41aa38891e073ee49d55fbc7839cfdb2bc0e600add13874d048c94aadddd1", size = 253290, upload-time = "2026-03-25T20:21:27.46Z" },
    { url = "https://files.pythonhosted.org/packages/d6/2f/4a3c322f22c5c66c4b836ec58211641a4067364f5dcdd7b974b4c5da300c/tomli-2.4.1-cp312-cp312-win32.whl", hash = "sha256:da25dc3563bff5965356133435b757a795a17b17d01dbc0f42fb32447ddfd917", size = 98141, upload-time = "2026-03-25T20:21:28.492Z" },
    { url = "https://files.pythonhosted.org/packages/24/22/4daacd05391b92c55759d55eaee21e1dfaea86ce5c571f10083360adf534/tomli-2.4.1-cp312-cp312-win_amd64.whl", hash = "sha256:52c8ef851d9a240f11a88c003eacb03c31fc1c9c4ec64a99a0f922b93874fda9", size = 108847, upload-time = "2026-03-25T20:21:29.386Z" },
    { url = "https://files.pythonhosted.org/packages/68/fd/70e768887666ddd9e9f5d85129e84910f2db2796f9096aa02b721a53098d/tomli-2.4.1-cp312-cp312-win_arm64.whl", hash = "sha256:f758f1b9299d059cc3f6546ae2af89670cb1c4d48ea29c3cacc4fe7de3058257", size = 95088, upload-time = "2026-03-25T20:21:30.677Z" },
    { url = "https://files.pythonhosted.org/packages/7b/61/cceae43728b7de99d9b847560c262873a1f6c98202171fd5ed62640b494b/tomli-2.4.1-py3-none-any.whl", hash = "sha256:0d85819802132122da43cb86656f8d1f8c6587d54ae7dcaf30e90533028b49fe", size = 14583, upload-time = "2026-03-25T20:22:03.012Z" },
]
